
Microsoft Visual Studio Solution File, Format Version 12.00
# Visual Studio Version 17
VisualStudioVersion = 17.3.32922.545
MinimumVisualStudioVersion = 10.0.40219.1
Project("{FAE04EC0-301F-11D3-BF4B-00C04F79EFBC}") = "Objetos", "Objetos.csproj", "{4EA9905B-FD92-40D8-8B38-0F29B8526CCD}"
EndProject
Global
	GlobalSection(SolutionConfigurationPlatforms) = preSolution
		Debug|Any CPU = Debug|Any CPU
		Release|Any CPU = Release|Any CPU
	EndGlobalSection
	GlobalSection(ProjectConfigurationPlatforms) = postSolution
		{4EA9905B-FD92-40D8-8B38-0F29B8526CCD}.Debug|Any CPU.ActiveCfg = Debug|Any CPU
		{4EA9905B-FD92-40D8-8B38-0F29B8526CCD}.Debug|Any CPU.Build.0 = Debug|Any CPU
		{4EA9905B-FD92-40D8-8B38-0F29B8526CCD}.Release|Any CPU.ActiveCfg = Release|Any CPU
		{4EA9905B-FD92-40D8-8B38-0F29B8526CCD}.Release|Any CPU.Build.0 = Release|Any CPU
	EndGlobalSection
	GlobalSection(SolutionProperties) = preSolution
		HideSolutionNode = FALSE
	EndGlobalSection
	GlobalSection(ExtensibilityGlobals) = postSolution
		SolutionGuid = {186E2B51-7FC3-482B-95E6-87C6AA96080B}
	EndGlobalSection
EndGlobal
